
Microsoft Visual Studio Solution File, Format Version 12.00
# Visual Studio Version 17
VisualStudioVersion = 17.13.35931.197
MinimumVisualStudioVersion = 10.0.40219.1
Project("{FAE04EC0-301F-11D3-BF4B-00C04F79EFBC}") = "harr_prototype_erp", "harr_prototype_erp\harr_prototype_erp.csproj", "{A6224579-1551-4F70-B9FD-155A4C850519}"
EndProject
Global
	GlobalSection(SolutionConfigurationPlatforms) = preSolution
		Debug|Any CPU = Debug|Any CPU
		Release|Any CPU = Release|Any CPU
	EndGlobalSection
	GlobalSection(ProjectConfigurationPlatforms) = postSolution
		{A6224579-1551-4F70-B9FD-155A4C850519}.Debug|Any CPU.ActiveCfg = Debug|Any CPU
		{A6224579-1551-4F70-B9FD-155A4C850519}.Debug|Any CPU.Build.0 = Debug|Any CPU
		{A6224579-1551-4F70-B9FD-155A4C850519}.Release|Any CPU.ActiveCfg = Release|Any CPU
		{A6224579-1551-4F70-B9FD-155A4C850519}.Release|Any CPU.Build.0 = Release|Any CPU
	EndGlobalSection
	GlobalSection(SolutionProperties) = preSolution
		HideSolutionNode = FALSE
	EndGlobalSection
	GlobalSection(ExtensibilityGlobals) = postSolution
		SolutionGuid = {8E9201A9-2D4F-42CB-A792-ECF28C53CCD7}
	EndGlobalSection
EndGlobal
